
Microsoft Visual Studio Solution File, Format Version 12.00
# Visual Studio Version 16
VisualStudioVersion = 16.0.28803.352
MinimumVisualStudioVersion = 10.0.40219.1
Project("{FAE04EC0-301F-11D3-BF4B-00C04F79EFBC}") = "WordConverterUtility", "WordConverterUtility\WordConverterUtility.csproj", "{E48FB06E-E72D-447E-B123-2C5ED74D3036}"
EndProject
Global
	GlobalSection(SolutionConfigurationPlatforms) = preSolution
		Debug|Any CPU = Debug|Any CPU
		Release|Any CPU = Release|Any CPU
	EndGlobalSection
	GlobalSection(ProjectConfigurationPlatforms) = postSolution
		{E48FB06E-E72D-447E-B123-2C5ED74D3036}.Debug|Any CPU.ActiveCfg = Debug|Any CPU
		{E48FB06E-E72D-447E-B123-2C5ED74D3036}.Debug|Any CPU.Build.0 = Debug|Any CPU
		{E48FB06E-E72D-447E-B123-2C5ED74D3036}.Release|Any CPU.ActiveCfg = Release|Any CPU
		{E48FB06E-E72D-447E-B123-2C5ED74D3036}.Release|Any CPU.Build.0 = Release|Any CPU
	EndGlobalSection
	GlobalSection(SolutionProperties) = preSolution
		HideSolutionNode = FALSE
	EndGlobalSection
	GlobalSection(ExtensibilityGlobals) = postSolution
		SolutionGuid = {6D31BC6B-7ECA-4211-94A3-87B7BEBCE337}
	EndGlobalSection
EndGlobal
